// !$*UTF8*$!
{
	archiveVersion = 1;
	classes = {
	};
	objectVersion = 46;
	objects = {

/* Begin PBXBuildFile section */
		801B94FA1B84C801002875CC /* DropOutStack.cpp in Sources */ = {isa = PBXBuildFile; fileRef = 801B94F81B84C801002875CC /* DropOutStack.cpp */; };
		801B94FC1B84C853002875CC /* DropOutStackTests.cpp in Sources */ = {isa = PBXBuildFile; fileRef = 801B94FB1B84C853002875CC /* DropOutStackTests.cpp */; };
/* End PBXBuildFile section */

/* Begin PBXCopyFilesBuildPhase section */
		801B94EB1B84C683002875CC /* CopyFiles */ = {
			isa = PBXCopyFilesBuildPhase;
			buildActionMask = 2147483647;
			dstPath = /usr/share/man/man1/;
			dstSubfolderSpec = 0;
			files = (
			);
			runOnlyForDeploymentPostprocessing = 1;
		};
/* End PBXCopyFilesBuildPhase section */

/* Begin PBXFileReference section */
		801B94ED1B84C683002875CC /* CS2704_DropOutStack_Mac */ = {isa = PBXFileReference; explicitFileType = "compiled.mach-o.executable"; includeInIndex = 0; path = CS2704_DropOutStack_Mac; sourceTree = BUILT_PRODUCTS_DIR; };
		801B94F71B84C701002875CC /* Catch.h */ = {isa = PBXFileReference; lastKnownFileType = sourcecode.c.h; path = Catch.h; sourceTree = "<group>"; };
		801B94F81B84C801002875CC /* DropOutStack.cpp */ = {isa = PBXFileReference; fileEncoding = 4; lastKnownFileType = sourcecode.cpp.cpp; path = DropOutStack.cpp; sourceTree = "<group>"; };
		801B94F91B84C801002875CC /* DropOutStack.h */ = {isa = PBXFileReference; fileEncoding = 4; lastKnownFileType = sourcecode.c.h; path = DropOutStack.h; sourceTree = "<group>"; };
		801B94FB1B84C853002875CC /* DropOutStackTests.cpp */ = {isa = PBXFileReference; fileEncoding = 4; lastKnownFileType = sourcecode.cpp.cpp; path = DropOutStackTests.cpp; sourceTree = "<group>"; };
		801B94FD1B84C872002875CC /* Item.h */ = {isa = PBXFileReference; lastKnownFileType = sourcecode.c.h; path = Item.h; sourceTree = "<group>"; };
/* End PBXFileReference section */

/* Begin PBXFrameworksBuildPhase section */
		801B94EA1B84C683002875CC /* Frameworks */ = {
			isa = PBXFrameworksBuildPhase;
			buildActionMask = 2147483647;
			files = (
			);
			runOnlyForDeploymentPostprocessing = 0;
		};
/* End PBXFrameworksBuildPhase section */

/* Begin PBXGroup section */
		801B94E41B84C683002875CC = {
			isa = PBXGroup;
			children = (
				801B94EF1B84C683002875CC /* CS2704_DropOutStack_Mac */,
				801B94EE1B84C683002875CC /* Products */,
			);
			sourceTree = "<group>";
		};
		801B94EE1B84C683002875CC /* Products */ = {
			isa = PBXGroup;
			children = (
				801B94ED1B84C683002875CC /* CS2704_DropOutStack_Mac */,
			);
			name = Products;
			sourceTree = "<group>";
		};
		801B94EF1B84C683002875CC /* CS2704_DropOutStack_Mac */ = {
			isa = PBXGroup;
			children = (
				801B94F71B84C701002875CC /* Catch.h */,
				801B94F81B84C801002875CC /* DropOutStack.cpp */,
				801B94FB1B84C853002875CC /* DropOutStackTests.cpp */,
				801B94FD1B84C872002875CC /* Item.h */,
				801B94F91B84C801002875CC /* DropOutStack.h */,
			);
			path = CS2704_DropOutStack_Mac;
			sourceTree = "<group>";
		};
/* End PBXGroup section */

/* Begin PBXNativeTarget section */
		801B94EC1B84C683002875CC /* CS2704_DropOutStack_Mac */ = {
			isa = PBXNativeTarget;
			buildConfigurationList = 801B94F41B84C683002875CC /* Build configuration list for PBXNativeTarget "CS2704_DropOutStack_Mac" */;
			buildPhases = (
				801B94E91B84C683002875CC /* Sources */,
				801B94EA1B84C683002875CC /* Frameworks */,
				801B94EB1B84C683002875CC /* CopyFiles */,
			);
			buildRules = (
			);
			dependencies = (
			);
			name = CS2704_DropOutStack_Mac;
			productName = CS2704_DropOutStack_Mac;
			productReference = 801B94ED1B84C683002875CC /* CS2704_DropOutStack_Mac */;
			productType = "com.apple.product-type.tool";
		};
/* End PBXNativeTarget section */

/* Begin PBXProject section */
		801B94E51B84C683002875CC /* Project object */ = {
			isa = PBXProject;
			attributes = {
				LastUpgradeCheck = 0640;
				ORGANIZATIONNAME = "Randall Reed Jr";
				TargetAttributes = {
					801B94EC1B84C683002875CC = {
						CreatedOnToolsVersion = 6.4;
					};
				};
			};
			buildConfigurationList = 801B94E81B84C683002875CC /* Build configuration list for PBXProject "CS2704_DropOutStack_Mac" */;
			compatibilityVersion = "Xcode 3.2";
			developmentRegion = English;
			hasScannedForEncodings = 0;
			knownRegions = (
				en,
			);
			mainGroup = 801B94E41B84C683002875CC;
			productRefGroup = 801B94EE1B84C683002875CC /* Products */;
			projectDirPath = "";
			projectRoot = "";
			targets = (
				801B94EC1B84C683002875CC /* CS2704_DropOutStack_Mac */,
			);
		};
/* End PBXProject section */

/* Begin PBXSourcesBuildPhase section */
		801B94E91B84C683002875CC /* Sources */ = {
			isa = PBXSourcesBuildPhase;
			buildActionMask = 2147483647;
			files = (
				801B94FA1B84C801002875CC /* DropOutStack.cpp in Sources */,
				801B94FC1B84C853002875CC /* DropOutStackTests.cpp in Sources */,
			);
			runOnlyForDeploymentPostprocessing = 0;
		};
/* End PBXSourcesBuildPhase section */

/* Begin XCBuildConfiguration section */
		801B94F21B84C683002875CC /* Debug */ = {
			isa = XCBuildConfiguration;
			buildSettings = {
				ALWAYS_SEARCH_USER_PATHS = NO;
				CLANG_CXX_LANGUAGE_STANDARD = "gnu++0x";
				CLANG_CXX_LIBRARY = "libc++";
				CLANG_ENABLE_MODULES = YES;
				CLANG_ENABLE_OBJC_ARC = YES;
				CLANG_WARN_BOOL_CONVERSION = YES;
				CLANG_WARN_CONSTANT_CONVERSION = YES;
				CLANG_WARN_DIRECT_OBJC_ISA_USAGE = YES_ERROR;
				CLANG_WARN_EMPTY_BODY = YES;
				CLANG_WARN_ENUM_CONVERSION = YES;
				CLANG_WARN_INT_CONVERSION = YES;
				CLANG_WARN_OBJC_ROOT_CLASS = YES_ERROR;
				CLANG_WARN_UNREACHABLE_CODE = YES;
				CLANG_WARN__DUPLICATE_METHOD_MATCH = YES;
				COPY_PHASE_STRIP = NO;
				DEBUG_INFORMATION_FORMAT = dwarf;
				ENABLE_STRICT_OBJC_MSGSEND = YES;
				GCC_C_LANGUAGE_STANDARD = gnu99;
				GCC_DYNAMIC_NO_PIC = NO;
				GCC_NO_COMMON_BLOCKS = YES;
				GCC_OPTIMIZATION_LEVEL = 0;
				GCC_PREPROCESSOR_DEFINITIONS = (
					"DEBUG=1",
					"$(inherited)",
				);
				GCC_SYMBOLS_PRIVATE_EXTERN = NO;
				GCC_WARN_64_TO_32_BIT_CONVERSION = YES;
				GCC_WARN_ABOUT_RETURN_TYPE = YES_ERROR;
				GCC_WARN_UNDECLARED_SELECTOR = YES;
				GCC_WARN_UNINITIALIZED_AUTOS = YES_AGGRESSIVE;
				GCC_WARN_UNUSED_FUNCTION = YES;
				GCC_WARN_UNUSED_VARIABLE = YES;
				MACOSX_DEPLOYMENT_TARGET = 10.10;
				MTL_ENABLE_DEBUG_INFO = YES;
				ONLY_ACTIVE_ARCH = YES;
				SDKROOT = macosx;
			};
			name = Debug;
		};
		801B94F31B84C683002875CC /* Release */ = {
			isa = XCBuildConfiguration;
			buildSettings = {
				ALWAYS_SEARCH_USER_PATHS = NO;
				CLANG_CXX_LANGUAGE_STANDARD = "gnu++0x";
				CLANG_CXX_LIBRARY = "libc++";
				CLANG_ENABLE_MODULES = YES;
				CLANG_ENABLE_OBJC_ARC = YES;
				CLANG_WARN_BOOL_CONVERSION = YES;
				CLANG_WARN_CONSTANT_CONVERSION = YES;
				CLANG_WARN_DIRECT_OBJC_ISA_USAGE = YES_ERROR;
				CLANG_WARN_EMPTY_BODY = YES;
				CLANG_WARN_ENUM_CONVERSION = YES;
				CLANG_WARN_INT_CONVERSION = YES;
				CLANG_WARN_OBJC_ROOT_CLASS = YES_ERROR;
				CLANG_WARN_UNREACHABLE_CODE = YES;
				CLANG_WARN__DUPLICATE_METHOD_MATCH = YES;
				COPY_PHASE_STRIP = NO;
				DEBUG_INFORMATION_FORMAT = "dwarf-with-dsym";
				ENABLE_NS_ASSERTIONS = NO;
				ENABLE_STRICT_OBJC_MSGSEND = YES;
				GCC_C_LANGUAGE_STANDARD = gnu99;
				GCC_NO_COMMON_BLOCKS = YES;
				GCC_WARN_64_TO_32_BIT_CONVERSION = YES;
				GCC_WARN_ABOUT_RETURN_TYPE = YES_ERROR;
				GCC_WARN_UNDECLARED_SELECTOR = YES;
				GCC_WARN_UNINITIALIZED_AUTOS = YES_AGGRESSIVE;
				GCC_WARN_UNUSED_FUNCTION = YES;
				GCC_WARN_UNUSED_VARIABLE = YES;
				MACOSX_DEPLOYMENT_TARGET = 10.10;
				MTL_ENABLE_DEBUG_INFO = NO;
				SDKROOT = macosx;
			};
			name = Release;
		};
		801B94F51B84C683002875CC /* Debug */ = {
			isa = XCBuildConfiguration;
			buildSettings = {
				PRODUCT_NAME = "$(TARGET_NAME)";
			};
			name = Debug;
		};
		801B94F61B84C683002875CC /* Release */ = {
			isa = XCBuildConfiguration;
			buildSettings = {
				PRODUCT_NAME = "$(TARGET_NAME)";
			};
			name = Release;
		};
/* End XCBuildConfiguration section */

/* Begin XCConfigurationList section */
		801B94E81B84C683002875CC /* Build configuration list for PBXProject "CS2704_DropOutStack_Mac" */ = {
			isa = XCConfigurationList;
			buildConfigurations = (
				801B94F21B84C683002875CC /* Debug */,
				801B94F31B84C683002875CC /* Release */,
			);
			defaultConfigurationIsVisible = 0;
			defaultConfigurationName = Release;
		};
		801B94F41B84C683002875CC /* Build configuration list for PBXNativeTarget "CS2704_DropOutStack_Mac" */ = {
			isa = XCConfigurationList;
			buildConfigurations = (
				801B94F51B84C683002875CC /* Debug */,
				801B94F61B84C683002875CC /* Release */,
			);
			defaultConfigurationIsVisible = 0;
			defaultConfigurationName = Release;
		};
/* End XCConfigurationList section */
	};
	rootObject = 801B94E51B84C683002875CC /* Project object */;
}
